
Microsoft Visual Studio Solution File, Format Version 12.00
Project("{FAE04EC0-301F-11D3-BF4B-00C04F79EFBC}") = "Gerenciador de Produtos", "Gerenciador de Produtos\Gerenciador de Produtos.csproj", "{609D6D63-CDF1-42F0-89B3-404D0B192A99}"
EndProject
Global
	GlobalSection(SolutionConfigurationPlatforms) = preSolution
		Debug|Any CPU = Debug|Any CPU
		Release|Any CPU = Release|Any CPU
	EndGlobalSection
	GlobalSection(ProjectConfigurationPlatforms) = postSolution
		{609D6D63-CDF1-42F0-89B3-404D0B192A99}.Debug|Any CPU.ActiveCfg = Debug|Any CPU
		{609D6D63-CDF1-42F0-89B3-404D0B192A99}.Debug|Any CPU.Build.0 = Debug|Any CPU
		{609D6D63-CDF1-42F0-89B3-404D0B192A99}.Release|Any CPU.ActiveCfg = Release|Any CPU
		{609D6D63-CDF1-42F0-89B3-404D0B192A99}.Release|Any CPU.Build.0 = Release|Any CPU
	EndGlobalSection
EndGlobal
